
Microsoft Visual Studio Solution File, Format Version 12.00
# Visual Studio Version 16
VisualStudioVersion = 16.0.28803.452
MinimumVisualStudioVersion = 10.0.40219.1
Project("{FAE04EC0-301F-11D3-BF4B-00C04F79EFBC}") = "GomSpaceInterview", "GomSpaceInterview\GomSpaceInterview.csproj", "{8DB3541B-8E35-4293-83DC-74B93648C4FF}"
EndProject
Global
	GlobalSection(SolutionConfigurationPlatforms) = preSolution
		Debug|Any CPU = Debug|Any CPU
		Release|Any CPU = Release|Any CPU
	EndGlobalSection
	GlobalSection(ProjectConfigurationPlatforms) = postSolution
		{8DB3541B-8E35-4293-83DC-74B93648C4FF}.Debug|Any CPU.ActiveCfg = Debug|Any CPU
		{8DB3541B-8E35-4293-83DC-74B93648C4FF}.Debug|Any CPU.Build.0 = Debug|Any CPU
		{8DB3541B-8E35-4293-83DC-74B93648C4FF}.Release|Any CPU.ActiveCfg = Release|Any CPU
		{8DB3541B-8E35-4293-83DC-74B93648C4FF}.Release|Any CPU.Build.0 = Release|Any CPU
	EndGlobalSection
	GlobalSection(SolutionProperties) = preSolution
		HideSolutionNode = FALSE
	EndGlobalSection
	GlobalSection(ExtensibilityGlobals) = postSolution
		SolutionGuid = {84D63FAF-AFA4-4A76-9A28-E5BAFBA0C299}
	EndGlobalSection
EndGlobal
